
Microsoft Visual Studio Solution File, Format Version 12.00
# Visual Studio Version 16
VisualStudioVersion = 16.0.31112.23
MinimumVisualStudioVersion = 10.0.40219.1
Project("{FAE04EC0-301F-11D3-BF4B-00C04F79EFBC}") = "SwitchStatements", "SwitchStatements\SwitchStatements.csproj", "{EAD1DC40-71DF-448D-8807-B66F09E1D0BF}"
EndProject
Global
	GlobalSection(SolutionConfigurationPlatforms) = preSolution
		Debug|Any CPU = Debug|Any CPU
		Release|Any CPU = Release|Any CPU
	EndGlobalSection
	GlobalSection(ProjectConfigurationPlatforms) = postSolution
		{EAD1DC40-71DF-448D-8807-B66F09E1D0BF}.Debug|Any CPU.ActiveCfg = Debug|Any CPU
		{EAD1DC40-71DF-448D-8807-B66F09E1D0BF}.Debug|Any CPU.Build.0 = Debug|Any CPU
		{EAD1DC40-71DF-448D-8807-B66F09E1D0BF}.Release|Any CPU.ActiveCfg = Release|Any CPU
		{EAD1DC40-71DF-448D-8807-B66F09E1D0BF}.Release|Any CPU.Build.0 = Release|Any CPU
	EndGlobalSection
	GlobalSection(SolutionProperties) = preSolution
		HideSolutionNode = FALSE
	EndGlobalSection
	GlobalSection(ExtensibilityGlobals) = postSolution
		SolutionGuid = {01F49B43-C4DD-4960-AA82-E4A68ADA1B5A}
	EndGlobalSection
EndGlobal
